
Microsoft Visual Studio Solution File, Format Version 12.00
# Visual Studio Version 17
VisualStudioVersion = 17.5.002.0
MinimumVisualStudioVersion = 10.0.40219.1
Project("{2150E333-8FDC-42A3-9474-1A3956D46DE8}") = "Programming-with-classes", "Programming-with-classes", "{C9283229-7F04-42EB-BF1C-16F9D0A1B0E5}"
EndProject
Project("{2150E333-8FDC-42A3-9474-1A3956D46DE8}") = "csharp-prep", "csharp-prep", "{1F4C6F73-F61A-453A-B070-209BF69FFA3A}"
EndProject
Project("{9A19103F-16F7-4668-BE54-9A1E7A4F7556}") = "Prep1", "Programming-with-classes\csharp-prep\Prep1\Prep1.csproj", "{3A98D99F-4CD2-431D-B3CB-8D2EAF0D13FB}"
EndProject
Project("{9A19103F-16F7-4668-BE54-9A1E7A4F7556}") = "Prep2", "Programming-with-classes\csharp-prep\Prep2\Prep2.csproj", "{F714B85B-CB99-4F42-883C-AB71181B9886}"
EndProject
Project("{9A19103F-16F7-4668-BE54-9A1E7A4F7556}") = "Prep3", "Programming-with-classes\csharp-prep\Prep3\Prep3.csproj", "{D8301170-A529-48F9-9F34-9C4154FC1763}"
EndProject
Project("{9A19103F-16F7-4668-BE54-9A1E7A4F7556}") = "Prep4", "Programming-with-classes\csharp-prep\Prep4\Prep4.csproj", "{CAEE015B-D834-4311-912D-1646DC5F6286}"
EndProject
Project("{9A19103F-16F7-4668-BE54-9A1E7A4F7556}") = "Prep5", "Programming-with-classes\csharp-prep\Prep5\Prep5.csproj", "{B087D55D-0CDD-42BE-B555-64449B55A3A4}"
EndProject
Project("{2150E333-8FDC-42A3-9474-1A3956D46DE8}") = "final", "final", "{AF04CF6B-22BF-448F-B203-AE91370BD021}"
EndProject
Project("{9A19103F-16F7-4668-BE54-9A1E7A4F7556}") = "FinalProject", "Programming-with-classes\final\FinalProject\FinalProject.csproj", "{600D1BBC-53D4-4C92-A229-854187537CAE}"
EndProject
Project("{9A19103F-16F7-4668-BE54-9A1E7A4F7556}") = "Foundation1", "Programming-with-classes\final\Foundation1\Foundation1.csproj", "{0EDCC296-C3E3-4401-8B55-DBCA56E65C50}"
EndProject
Project("{9A19103F-16F7-4668-BE54-9A1E7A4F7556}") = "Foundation2", "Programming-with-classes\final\Foundation2\Foundation2.csproj", "{DBFC0677-5C4B-40B9-A4A1-84D53E40D584}"
EndProject
Project("{9A19103F-16F7-4668-BE54-9A1E7A4F7556}") = "Foundation3", "Programming-with-classes\final\Foundation3\Foundation3.csproj", "{7EC0FE45-5D71-40A6-8F88-DA00CA53453A}"
EndProject
Project("{9A19103F-16F7-4668-BE54-9A1E7A4F7556}") = "Foundation4", "Programming-with-classes\final\Foundation4\Foundation4.csproj", "{A40DD46E-319B-40A9-B0A6-9E240EAB4467}"
EndProject
Project("{2150E333-8FDC-42A3-9474-1A3956D46DE8}") = "prepare", "prepare", "{C74A98E1-602B-498D-BE60-62B1A56F5C3F}"
EndProject
Project("{9A19103F-16F7-4668-BE54-9A1E7A4F7556}") = "Learning02", "Programming-with-classes\prepare\Learning02\Learning02.csproj", "{CEB9C9DF-07B1-4C32-8F48-6D9CA423AD30}"
EndProject
Project("{9A19103F-16F7-4668-BE54-9A1E7A4F7556}") = "Learning03", "Programming-with-classes\prepare\Learning03\Learning03.csproj", "{4A21F646-A913-43A6-94FC-7AA014F42F62}"
EndProject
Project("{9A19103F-16F7-4668-BE54-9A1E7A4F7556}") = "Learning04", "Programming-with-classes\prepare\Learning04\Learning04.csproj", "{D6D72547-B52F-4C40-93FC-4FBC868086F2}"
EndProject
Project("{9A19103F-16F7-4668-BE54-9A1E7A4F7556}") = "Learning05", "Programming-with-classes\prepare\Learning05\Learning05.csproj", "{3968599D-1D53-4E28-8208-B26BC896C8BA}"
EndProject
Project("{2150E333-8FDC-42A3-9474-1A3956D46DE8}") = "prove", "prove", "{3BB626D3-4EA1-40B5-AA76-E092A9948A27}"
EndProject
Project("{9A19103F-16F7-4668-BE54-9A1E7A4F7556}") = "Develop02", "Programming-with-classes\prove\Develop02\Develop02.csproj", "{60C910FA-F6D8-4F5F-B1CC-65ED7ACEDEE3}"
EndProject
Project("{9A19103F-16F7-4668-BE54-9A1E7A4F7556}") = "Develop03", "Programming-with-classes\prove\Develop03\Develop03.csproj", "{A994C6D7-0AA7-4BF6-92A8-AA8955B25067}"
EndProject
Project("{9A19103F-16F7-4668-BE54-9A1E7A4F7556}") = "Develop04", "Programming-with-classes\prove\Develop04\Develop04.csproj", "{1D86910D-0D88-46B0-9FE6-B3ED962815AC}"
EndProject
Project("{9A19103F-16F7-4668-BE54-9A1E7A4F7556}") = "Develop05", "Programming-with-classes\prove\Develop05\Develop05.csproj", "{4652CDB6-3290-4810-B882-53FDD070CAE0}"
EndProject
Project("{2150E333-8FDC-42A3-9474-1A3956D46DE8}") = "sandbox", "sandbox", "{8F030D5E-2AEC-4E1B-B0DE-5FE5B1423A9A}"
EndProject
Project("{9A19103F-16F7-4668-BE54-9A1E7A4F7556}") = "Sandbox", "Programming-with-classes\sandbox\Sandbox\Sandbox.csproj", "{B7CC45C0-2B07-413B-A7C3-A4A9C16DDA7D}"
EndProject
Global
	GlobalSection(SolutionConfigurationPlatforms) = preSolution
		Debug|Any CPU = Debug|Any CPU
		Release|Any CPU = Release|Any CPU
	EndGlobalSection
	GlobalSection(ProjectConfigurationPlatforms) = postSolution
		{3A98D99F-4CD2-431D-B3CB-8D2EAF0D13FB}.Debug|Any CPU.ActiveCfg = Debug|Any CPU
		{3A98D99F-4CD2-431D-B3CB-8D2EAF0D13FB}.Debug|Any CPU.Build.0 = Debug|Any CPU
		{3A98D99F-4CD2-431D-B3CB-8D2EAF0D13FB}.Release|Any CPU.ActiveCfg = Release|Any CPU
		{3A98D99F-4CD2-431D-B3CB-8D2EAF0D13FB}.Release|Any CPU.Build.0 = Release|Any CPU
		{F714B85B-CB99-4F42-883C-AB71181B9886}.Debug|Any CPU.ActiveCfg = Debug|Any CPU
		{F714B85B-CB99-4F42-883C-AB71181B9886}.Debug|Any CPU.Build.0 = Debug|Any CPU
		{F714B85B-CB99-4F42-883C-AB71181B9886}.Release|Any CPU.ActiveCfg = Release|Any CPU
		{F714B85B-CB99-4F42-883C-AB71181B9886}.Release|Any CPU.Build.0 = Release|Any CPU
		{D8301170-A529-48F9-9F34-9C4154FC1763}.Debug|Any CPU.ActiveCfg = Debug|Any CPU
		{D8301170-A529-48F9-9F34-9C4154FC1763}.Debug|Any CPU.Build.0 = Debug|Any CPU
		{D8301170-A529-48F9-9F34-9C4154FC1763}.Release|Any CPU.ActiveCfg = Release|Any CPU
		{D8301170-A529-48F9-9F34-9C4154FC1763}.Release|Any CPU.Build.0 = Release|Any CPU
		{CAEE015B-D834-4311-912D-1646DC5F6286}.Debug|Any CPU.ActiveCfg = Debug|Any CPU
		{CAEE015B-D834-4311-912D-1646DC5F6286}.Debug|Any CPU.Build.0 = Debug|Any CPU
		{CAEE015B-D834-4311-912D-1646DC5F6286}.Release|Any CPU.ActiveCfg = Release|Any CPU
		{CAEE015B-D834-4311-912D-1646DC5F6286}.Release|Any CPU.Build.0 = Release|Any CPU
		{B087D55D-0CDD-42BE-B555-64449B55A3A4}.Debug|Any CPU.ActiveCfg = Debug|Any CPU
		{B087D55D-0CDD-42BE-B555-64449B55A3A4}.Debug|Any CPU.Build.0 = Debug|Any CPU
		{B087D55D-0CDD-42BE-B555-64449B55A3A4}.Release|Any CPU.ActiveCfg = Release|Any CPU
		{B087D55D-0CDD-42BE-B555-64449B55A3A4}.Release|Any CPU.Build.0 = Release|Any CPU
		{600D1BBC-53D4-4C92-A229-854187537CAE}.Debug|Any CPU.ActiveCfg = Debug|Any CPU
		{600D1BBC-53D4-4C92-A229-854187537CAE}.Debug|Any CPU.Build.0 = Debug|Any CPU
		{600D1BBC-53D4-4C92-A229-854187537CAE}.Release|Any CPU.ActiveCfg = Release|Any CPU
		{600D1BBC-53D4-4C92-A229-854187537CAE}.Release|Any CPU.Build.0 = Release|Any CPU
		{0EDCC296-C3E3-4401-8B55-DBCA56E65C50}.Debug|Any CPU.ActiveCfg = Debug|Any CPU
		{0EDCC296-C3E3-4401-8B55-DBCA56E65C50}.Debug|Any CPU.Build.0 = Debug|Any CPU
		{0EDCC296-C3E3-4401-8B55-DBCA56E65C50}.Release|Any CPU.ActiveCfg = Release|Any CPU
		{0EDCC296-C3E3-4401-8B55-DBCA56E65C50}.Release|Any CPU.Build.0 = Release|Any CPU
		{DBFC0677-5C4B-40B9-A4A1-84D53E40D584}.Debug|Any CPU.ActiveCfg = Debug|Any CPU
		{DBFC0677-5C4B-40B9-A4A1-84D53E40D584}.Debug|Any CPU.Build.0 = Debug|Any CPU
		{DBFC0677-5C4B-40B9-A4A1-84D53E40D584}.Release|Any CPU.ActiveCfg = Release|Any CPU
		{DBFC0677-5C4B-40B9-A4A1-84D53E40D584}.Release|Any CPU.Build.0 = Release|Any CPU
		{7EC0FE45-5D71-40A6-8F88-DA00CA53453A}.Debug|Any CPU.ActiveCfg = Debug|Any CPU
		{7EC0FE45-5D71-40A6-8F88-DA00CA53453A}.Debug|Any CPU.Build.0 = Debug|Any CPU
		{7EC0FE45-5D71-40A6-8F88-DA00CA53453A}.Release|Any CPU.ActiveCfg = Release|Any CPU
		{7EC0FE45-5D71-40A6-8F88-DA00CA53453A}.Release|Any CPU.Build.0 = Release|Any CPU
		{A40DD46E-319B-40A9-B0A6-9E240EAB4467}.Debug|Any CPU.ActiveCfg = Debug|Any CPU
		{A40DD46E-319B-40A9-B0A6-9E240EAB4467}.Debug|Any CPU.Build.0 = Debug|Any CPU
		{A40DD46E-319B-40A9-B0A6-9E240EAB4467}.Release|Any CPU.ActiveCfg = Release|Any CPU
		{A40DD46E-319B-40A9-B0A6-9E240EAB4467}.Release|Any CPU.Build.0 = Release|Any CPU
		{CEB9C9DF-07B1-4C32-8F48-6D9CA423AD30}.Debug|Any CPU.ActiveCfg = Debug|Any CPU
		{CEB9C9DF-07B1-4C32-8F48-6D9CA423AD30}.Debug|Any CPU.Build.0 = Debug|Any CPU
		{CEB9C9DF-07B1-4C32-8F48-6D9CA423AD30}.Release|Any CPU.ActiveCfg = Release|Any CPU
		{CEB9C9DF-07B1-4C32-8F48-6D9CA423AD30}.Release|Any CPU.Build.0 = Release|Any CPU
		{4A21F646-A913-43A6-94FC-7AA014F42F62}.Debug|Any CPU.ActiveCfg = Debug|Any CPU
		{4A21F646-A913-43A6-94FC-7AA014F42F62}.Debug|Any CPU.Build.0 = Debug|Any CPU
		{4A21F646-A913-43A6-94FC-7AA014F42F62}.Release|Any CPU.ActiveCfg = Release|Any CPU
		{4A21F646-A913-43A6-94FC-7AA014F42F62}.Release|Any CPU.Build.0 = Release|Any CPU
		{D6D72547-B52F-4C40-93FC-4FBC868086F2}.Debug|Any CPU.ActiveCfg = Debug|Any CPU
		{D6D72547-B52F-4C40-93FC-4FBC868086F2}.Debug|Any CPU.Build.0 = Debug|Any CPU
		{D6D72547-B52F-4C40-93FC-4FBC868086F2}.Release|Any CPU.ActiveCfg = Release|Any CPU
		{D6D72547-B52F-4C40-93FC-4FBC868086F2}.Release|Any CPU.Build.0 = Release|Any CPU
		{3968599D-1D53-4E28-8208-B26BC896C8BA}.Debug|Any CPU.ActiveCfg = Debug|Any CPU
		{3968599D-1D53-4E28-8208-B26BC896C8BA}.Debug|Any CPU.Build.0 = Debug|Any CPU
		{3968599D-1D53-4E28-8208-B26BC896C8BA}.Release|Any CPU.ActiveCfg = Release|Any CPU
		{3968599D-1D53-4E28-8208-B26BC896C8BA}.Release|Any CPU.Build.0 = Release|Any CPU
		{60C910FA-F6D8-4F5F-B1CC-65ED7ACEDEE3}.Debug|Any CPU.ActiveCfg = Debug|Any CPU
		{60C910FA-F6D8-4F5F-B1CC-65ED7ACEDEE3}.Debug|Any CPU.Build.0 = Debug|Any CPU
		{60C910FA-F6D8-4F5F-B1CC-65ED7ACEDEE3}.Release|Any CPU.ActiveCfg = Release|Any CPU
		{60C910FA-F6D8-4F5F-B1CC-65ED7ACEDEE3}.Release|Any CPU.Build.0 = Release|Any CPU
		{A994C6D7-0AA7-4BF6-92A8-AA8955B25067}.Debug|Any CPU.ActiveCfg = Debug|Any CPU
		{A994C6D7-0AA7-4BF6-92A8-AA8955B25067}.Debug|Any CPU.Build.0 = Debug|Any CPU
		{A994C6D7-0AA7-4BF6-92A8-AA8955B25067}.Release|Any CPU.ActiveCfg = Release|Any CPU
		{A994C6D7-0AA7-4BF6-92A8-AA8955B25067}.Release|Any CPU.Build.0 = Release|Any CPU
		{1D86910D-0D88-46B0-9FE6-B3ED962815AC}.Debug|Any CPU.ActiveCfg = Debug|Any CPU
		{1D86910D-0D88-46B0-9FE6-B3ED962815AC}.Debug|Any CPU.Build.0 = Debug|Any CPU
		{1D86910D-0D88-46B0-9FE6-B3ED962815AC}.Release|Any CPU.ActiveCfg = Release|Any CPU
		{1D86910D-0D88-46B0-9FE6-B3ED962815AC}.Release|Any CPU.Build.0 = Release|Any CPU
		{4652CDB6-3290-4810-B882-53FDD070CAE0}.Debug|Any CPU.ActiveCfg = Debug|Any CPU
		{4652CDB6-3290-4810-B882-53FDD070CAE0}.Debug|Any CPU.Build.0 = Debug|Any CPU
		{4652CDB6-3290-4810-B882-53FDD070CAE0}.Release|Any CPU.ActiveCfg = Release|Any CPU
		{4652CDB6-3290-4810-B882-53FDD070CAE0}.Release|Any CPU.Build.0 = Release|Any CPU
		{B7CC45C0-2B07-413B-A7C3-A4A9C16DDA7D}.Debug|Any CPU.ActiveCfg = Debug|Any CPU
		{B7CC45C0-2B07-413B-A7C3-A4A9C16DDA7D}.Debug|Any CPU.Build.0 = Debug|Any CPU
		{B7CC45C0-2B07-413B-A7C3-A4A9C16DDA7D}.Release|Any CPU.ActiveCfg = Release|Any CPU
		{B7CC45C0-2B07-413B-A7C3-A4A9C16DDA7D}.Release|Any CPU.Build.0 = Release|Any CPU
	EndGlobalSection
	GlobalSection(SolutionProperties) = preSolution
		HideSolutionNode = FALSE
	EndGlobalSection
	GlobalSection(NestedProjects) = preSolution
		{1F4C6F73-F61A-453A-B070-209BF69FFA3A} = {C9283229-7F04-42EB-BF1C-16F9D0A1B0E5}
		{3A98D99F-4CD2-431D-B3CB-8D2EAF0D13FB} = {1F4C6F73-F61A-453A-B070-209BF69FFA3A}
		{F714B85B-CB99-4F42-883C-AB71181B9886} = {1F4C6F73-F61A-453A-B070-209BF69FFA3A}
		{D8301170-A529-48F9-9F34-9C4154FC1763} = {1F4C6F73-F61A-453A-B070-209BF69FFA3A}
		{CAEE015B-D834-4311-912D-1646DC5F6286} = {1F4C6F73-F61A-453A-B070-209BF69FFA3A}
		{B087D55D-0CDD-42BE-B555-64449B55A3A4} = {1F4C6F73-F61A-453A-B070-209BF69FFA3A}
		{AF04CF6B-22BF-448F-B203-AE91370BD021} = {C9283229-7F04-42EB-BF1C-16F9D0A1B0E5}
		{600D1BBC-53D4-4C92-A229-854187537CAE} = {AF04CF6B-22BF-448F-B203-AE91370BD021}
		{0EDCC296-C3E3-4401-8B55-DBCA56E65C50} = {AF04CF6B-22BF-448F-B203-AE91370BD021}
		{DBFC0677-5C4B-40B9-A4A1-84D53E40D584} = {AF04CF6B-22BF-448F-B203-AE91370BD021}
		{7EC0FE45-5D71-40A6-8F88-DA00CA53453A} = {AF04CF6B-22BF-448F-B203-AE91370BD021}
		{A40DD46E-319B-40A9-B0A6-9E240EAB4467} = {AF04CF6B-22BF-448F-B203-AE91370BD021}
		{C74A98E1-602B-498D-BE60-62B1A56F5C3F} = {C9283229-7F04-42EB-BF1C-16F9D0A1B0E5}
		{CEB9C9DF-07B1-4C32-8F48-6D9CA423AD30} = {C74A98E1-602B-498D-BE60-62B1A56F5C3F}
		{4A21F646-A913-43A6-94FC-7AA014F42F62} = {C74A98E1-602B-498D-BE60-62B1A56F5C3F}
		{D6D72547-B52F-4C40-93FC-4FBC868086F2} = {C74A98E1-602B-498D-BE60-62B1A56F5C3F}
		{3968599D-1D53-4E28-8208-B26BC896C8BA} = {C74A98E1-602B-498D-BE60-62B1A56F5C3F}
		{3BB626D3-4EA1-40B5-AA76-E092A9948A27} = {C9283229-7F04-42EB-BF1C-16F9D0A1B0E5}
		{60C910FA-F6D8-4F5F-B1CC-65ED7ACEDEE3} = {3BB626D3-4EA1-40B5-AA76-E092A9948A27}
		{A994C6D7-0AA7-4BF6-92A8-AA8955B25067} = {3BB626D3-4EA1-40B5-AA76-E092A9948A27}
		{1D86910D-0D88-46B0-9FE6-B3ED962815AC} = {3BB626D3-4EA1-40B5-AA76-E092A9948A27}
		{4652CDB6-3290-4810-B882-53FDD070CAE0} = {3BB626D3-4EA1-40B5-AA76-E092A9948A27}
		{8F030D5E-2AEC-4E1B-B0DE-5FE5B1423A9A} = {C9283229-7F04-42EB-BF1C-16F9D0A1B0E5}
		{B7CC45C0-2B07-413B-A7C3-A4A9C16DDA7D} = {8F030D5E-2AEC-4E1B-B0DE-5FE5B1423A9A}
	EndGlobalSection
	GlobalSection(ExtensibilityGlobals) = postSolution
		SolutionGuid = {36E61BA5-9346-4AD7-B28D-24777CD3AD7F}
	EndGlobalSection
EndGlobal
