
Microsoft Visual Studio Solution File, Format Version 12.00
# Visual Studio Version 17
VisualStudioVersion = 17.5.002.0
MinimumVisualStudioVersion = 10.0.40219.1
Project("{2150E333-8FDC-42A3-9474-1A3956D46DE8}") = "prepare", "prepare", "{3BDD8C81-AC3C-4543-9EE4-71FE03B80729}"
EndProject
Project("{9A19103F-16F7-4668-BE54-9A1E7A4F7556}") = "Learning02", "prepare\Learning02\Learning02.csproj", "{56B80785-43AB-40BB-B87C-DF46AC325FED}"
EndProject
Project("{9A19103F-16F7-4668-BE54-9A1E7A4F7556}") = "Learning05", "prepare\Learning05\Learning05.csproj", "{C57C25E7-C0DE-49A2-B225-21346308FCB1}"
EndProject
Project("{9A19103F-16F7-4668-BE54-9A1E7A4F7556}") = "Learning04", "prepare\Learning04\Learning04.csproj", "{DB5D494B-6F51-45BF-B078-B5C0482AC88B}"
EndProject
Project("{9A19103F-16F7-4668-BE54-9A1E7A4F7556}") = "Learning03", "prepare\Learning03\Learning03.csproj", "{7644F7CF-0A86-4B88-AFF1-93574FCFBB9A}"
EndProject
Project("{2150E333-8FDC-42A3-9474-1A3956D46DE8}") = "prove", "prove", "{300303EC-EFB0-44D6-9CAB-91CB1BBCBE60}"
EndProject
Project("{9A19103F-16F7-4668-BE54-9A1E7A4F7556}") = "Develop03", "prove\Develop03\Develop03.csproj", "{91F501DC-AC15-4A95-A183-5843AD254E72}"
EndProject
Project("{9A19103F-16F7-4668-BE54-9A1E7A4F7556}") = "Develop04", "prove\Develop04\Develop04.csproj", "{43C90EBB-0963-479A-9C62-80B6EE0A64CA}"
EndProject
Project("{9A19103F-16F7-4668-BE54-9A1E7A4F7556}") = "Develop05", "prove\Develop05\Develop05.csproj", "{5E5ED762-0856-44C2-9E2B-1369DE5E324B}"
EndProject
Project("{9A19103F-16F7-4668-BE54-9A1E7A4F7556}") = "Develop02", "prove\Develop02\Develop02.csproj", "{10D59259-AA16-4327-BEB8-7A66A5017405}"
EndProject
Project("{2150E333-8FDC-42A3-9474-1A3956D46DE8}") = "sandbox", "sandbox", "{FD9DEC75-2457-4C2C-BC74-C774299D7EE6}"
EndProject
Project("{9A19103F-16F7-4668-BE54-9A1E7A4F7556}") = "Sandbox", "sandbox\Sandbox\Sandbox.csproj", "{2F72515B-735B-4BE3-9F4F-808F2D3200B4}"
EndProject
Project("{2150E333-8FDC-42A3-9474-1A3956D46DE8}") = "final", "final", "{48833475-6DF2-4A94-8BD9-A230B99DD9EC}"
EndProject
Project("{9A19103F-16F7-4668-BE54-9A1E7A4F7556}") = "FinalProject", "final\FinalProject\FinalProject.csproj", "{4C7D57F0-F344-4459-84D8-6164E726A873}"
EndProject
Project("{9A19103F-16F7-4668-BE54-9A1E7A4F7556}") = "Foundation1", "final\Foundation1\Foundation1.csproj", "{6C553189-6CDF-44F3-AA36-2178DBE6EA7F}"
EndProject
Project("{9A19103F-16F7-4668-BE54-9A1E7A4F7556}") = "Foundation4", "final\Foundation4\Foundation4.csproj", "{9E20CC36-F265-4542-8599-28D2168B7E7C}"
EndProject
Project("{9A19103F-16F7-4668-BE54-9A1E7A4F7556}") = "Foundation3", "final\Foundation3\Foundation3.csproj", "{14F06F94-D188-421E-B57E-5BBDE58E2E6B}"
EndProject
Project("{9A19103F-16F7-4668-BE54-9A1E7A4F7556}") = "Foundation2", "final\Foundation2\Foundation2.csproj", "{DC71C2DF-97BA-4CF2-AA03-011128B334E6}"
EndProject
Project("{2150E333-8FDC-42A3-9474-1A3956D46DE8}") = "csharp-prep", "csharp-prep", "{342FBB06-F6E2-4937-9D5B-2190990CB45A}"
EndProject
Project("{9A19103F-16F7-4668-BE54-9A1E7A4F7556}") = "Prep1", "csharp-prep\Prep1\Prep1.csproj", "{0DFAF664-9C7C-439F-AC59-E8C673B07B22}"
EndProject
Project("{9A19103F-16F7-4668-BE54-9A1E7A4F7556}") = "Prep5", "csharp-prep\Prep5\Prep5.csproj", "{5364FF95-A884-498D-A4B6-74BF25CD214A}"
EndProject
Project("{9A19103F-16F7-4668-BE54-9A1E7A4F7556}") = "Prep2", "csharp-prep\Prep2\Prep2.csproj", "{1D0939D5-E890-418E-A771-1808DCDBCABB}"
EndProject
Project("{9A19103F-16F7-4668-BE54-9A1E7A4F7556}") = "Prep3", "csharp-prep\Prep3\Prep3.csproj", "{F7CE2CFA-D652-4F10-B1E9-B36F1A775C01}"
EndProject
Project("{9A19103F-16F7-4668-BE54-9A1E7A4F7556}") = "Prep4", "csharp-prep\Prep4\Prep4.csproj", "{D37B5EEC-530A-4562-B0A1-64D442071226}"
EndProject
Global
	GlobalSection(SolutionConfigurationPlatforms) = preSolution
		Debug|Any CPU = Debug|Any CPU
		Release|Any CPU = Release|Any CPU
	EndGlobalSection
	GlobalSection(ProjectConfigurationPlatforms) = postSolution
		{56B80785-43AB-40BB-B87C-DF46AC325FED}.Debug|Any CPU.ActiveCfg = Debug|Any CPU
		{56B80785-43AB-40BB-B87C-DF46AC325FED}.Debug|Any CPU.Build.0 = Debug|Any CPU
		{56B80785-43AB-40BB-B87C-DF46AC325FED}.Release|Any CPU.ActiveCfg = Release|Any CPU
		{56B80785-43AB-40BB-B87C-DF46AC325FED}.Release|Any CPU.Build.0 = Release|Any CPU
		{C57C25E7-C0DE-49A2-B225-21346308FCB1}.Debug|Any CPU.ActiveCfg = Debug|Any CPU
		{C57C25E7-C0DE-49A2-B225-21346308FCB1}.Debug|Any CPU.Build.0 = Debug|Any CPU
		{C57C25E7-C0DE-49A2-B225-21346308FCB1}.Release|Any CPU.ActiveCfg = Release|Any CPU
		{C57C25E7-C0DE-49A2-B225-21346308FCB1}.Release|Any CPU.Build.0 = Release|Any CPU
		{DB5D494B-6F51-45BF-B078-B5C0482AC88B}.Debug|Any CPU.ActiveCfg = Debug|Any CPU
		{DB5D494B-6F51-45BF-B078-B5C0482AC88B}.Debug|Any CPU.Build.0 = Debug|Any CPU
		{DB5D494B-6F51-45BF-B078-B5C0482AC88B}.Release|Any CPU.ActiveCfg = Release|Any CPU
		{DB5D494B-6F51-45BF-B078-B5C0482AC88B}.Release|Any CPU.Build.0 = Release|Any CPU
		{7644F7CF-0A86-4B88-AFF1-93574FCFBB9A}.Debug|Any CPU.ActiveCfg = Debug|Any CPU
		{7644F7CF-0A86-4B88-AFF1-93574FCFBB9A}.Debug|Any CPU.Build.0 = Debug|Any CPU
		{7644F7CF-0A86-4B88-AFF1-93574FCFBB9A}.Release|Any CPU.ActiveCfg = Release|Any CPU
		{7644F7CF-0A86-4B88-AFF1-93574FCFBB9A}.Release|Any CPU.Build.0 = Release|Any CPU
		{91F501DC-AC15-4A95-A183-5843AD254E72}.Debug|Any CPU.ActiveCfg = Debug|Any CPU
		{91F501DC-AC15-4A95-A183-5843AD254E72}.Debug|Any CPU.Build.0 = Debug|Any CPU
		{91F501DC-AC15-4A95-A183-5843AD254E72}.Release|Any CPU.ActiveCfg = Release|Any CPU
		{91F501DC-AC15-4A95-A183-5843AD254E72}.Release|Any CPU.Build.0 = Release|Any CPU
		{43C90EBB-0963-479A-9C62-80B6EE0A64CA}.Debug|Any CPU.ActiveCfg = Debug|Any CPU
		{43C90EBB-0963-479A-9C62-80B6EE0A64CA}.Debug|Any CPU.Build.0 = Debug|Any CPU
		{43C90EBB-0963-479A-9C62-80B6EE0A64CA}.Release|Any CPU.ActiveCfg = Release|Any CPU
		{43C90EBB-0963-479A-9C62-80B6EE0A64CA}.Release|Any CPU.Build.0 = Release|Any CPU
		{5E5ED762-0856-44C2-9E2B-1369DE5E324B}.Debug|Any CPU.ActiveCfg = Debug|Any CPU
		{5E5ED762-0856-44C2-9E2B-1369DE5E324B}.Debug|Any CPU.Build.0 = Debug|Any CPU
		{5E5ED762-0856-44C2-9E2B-1369DE5E324B}.Release|Any CPU.ActiveCfg = Release|Any CPU
		{5E5ED762-0856-44C2-9E2B-1369DE5E324B}.Release|Any CPU.Build.0 = Release|Any CPU
		{10D59259-AA16-4327-BEB8-7A66A5017405}.Debug|Any CPU.ActiveCfg = Debug|Any CPU
		{10D59259-AA16-4327-BEB8-7A66A5017405}.Debug|Any CPU.Build.0 = Debug|Any CPU
		{10D59259-AA16-4327-BEB8-7A66A5017405}.Release|Any CPU.ActiveCfg = Release|Any CPU
		{10D59259-AA16-4327-BEB8-7A66A5017405}.Release|Any CPU.Build.0 = Release|Any CPU
		{2F72515B-735B-4BE3-9F4F-808F2D3200B4}.Debug|Any CPU.ActiveCfg = Debug|Any CPU
		{2F72515B-735B-4BE3-9F4F-808F2D3200B4}.Debug|Any CPU.Build.0 = Debug|Any CPU
		{2F72515B-735B-4BE3-9F4F-808F2D3200B4}.Release|Any CPU.ActiveCfg = Release|Any CPU
		{2F72515B-735B-4BE3-9F4F-808F2D3200B4}.Release|Any CPU.Build.0 = Release|Any CPU
		{4C7D57F0-F344-4459-84D8-6164E726A873}.Debug|Any CPU.ActiveCfg = Debug|Any CPU
		{4C7D57F0-F344-4459-84D8-6164E726A873}.Debug|Any CPU.Build.0 = Debug|Any CPU
		{4C7D57F0-F344-4459-84D8-6164E726A873}.Release|Any CPU.ActiveCfg = Release|Any CPU
		{4C7D57F0-F344-4459-84D8-6164E726A873}.Release|Any CPU.Build.0 = Release|Any CPU
		{6C553189-6CDF-44F3-AA36-2178DBE6EA7F}.Debug|Any CPU.ActiveCfg = Debug|Any CPU
		{6C553189-6CDF-44F3-AA36-2178DBE6EA7F}.Debug|Any CPU.Build.0 = Debug|Any CPU
		{6C553189-6CDF-44F3-AA36-2178DBE6EA7F}.Release|Any CPU.ActiveCfg = Release|Any CPU
		{6C553189-6CDF-44F3-AA36-2178DBE6EA7F}.Release|Any CPU.Build.0 = Release|Any CPU
		{9E20CC36-F265-4542-8599-28D2168B7E7C}.Debug|Any CPU.ActiveCfg = Debug|Any CPU
		{9E20CC36-F265-4542-8599-28D2168B7E7C}.Debug|Any CPU.Build.0 = Debug|Any CPU
		{9E20CC36-F265-4542-8599-28D2168B7E7C}.Release|Any CPU.ActiveCfg = Release|Any CPU
		{9E20CC36-F265-4542-8599-28D2168B7E7C}.Release|Any CPU.Build.0 = Release|Any CPU
		{14F06F94-D188-421E-B57E-5BBDE58E2E6B}.Debug|Any CPU.ActiveCfg = Debug|Any CPU
		{14F06F94-D188-421E-B57E-5BBDE58E2E6B}.Debug|Any CPU.Build.0 = Debug|Any CPU
		{14F06F94-D188-421E-B57E-5BBDE58E2E6B}.Release|Any CPU.ActiveCfg = Release|Any CPU
		{14F06F94-D188-421E-B57E-5BBDE58E2E6B}.Release|Any CPU.Build.0 = Release|Any CPU
		{DC71C2DF-97BA-4CF2-AA03-011128B334E6}.Debug|Any CPU.ActiveCfg = Debug|Any CPU
		{DC71C2DF-97BA-4CF2-AA03-011128B334E6}.Debug|Any CPU.Build.0 = Debug|Any CPU
		{DC71C2DF-97BA-4CF2-AA03-011128B334E6}.Release|Any CPU.ActiveCfg = Release|Any CPU
		{DC71C2DF-97BA-4CF2-AA03-011128B334E6}.Release|Any CPU.Build.0 = Release|Any CPU
		{0DFAF664-9C7C-439F-AC59-E8C673B07B22}.Debug|Any CPU.ActiveCfg = Debug|Any CPU
		{0DFAF664-9C7C-439F-AC59-E8C673B07B22}.Debug|Any CPU.Build.0 = Debug|Any CPU
		{0DFAF664-9C7C-439F-AC59-E8C673B07B22}.Release|Any CPU.ActiveCfg = Release|Any CPU
		{0DFAF664-9C7C-439F-AC59-E8C673B07B22}.Release|Any CPU.Build.0 = Release|Any CPU
		{5364FF95-A884-498D-A4B6-74BF25CD214A}.Debug|Any CPU.ActiveCfg = Debug|Any CPU
		{5364FF95-A884-498D-A4B6-74BF25CD214A}.Debug|Any CPU.Build.0 = Debug|Any CPU
		{5364FF95-A884-498D-A4B6-74BF25CD214A}.Release|Any CPU.ActiveCfg = Release|Any CPU
		{5364FF95-A884-498D-A4B6-74BF25CD214A}.Release|Any CPU.Build.0 = Release|Any CPU
		{1D0939D5-E890-418E-A771-1808DCDBCABB}.Debug|Any CPU.ActiveCfg = Debug|Any CPU
		{1D0939D5-E890-418E-A771-1808DCDBCABB}.Debug|Any CPU.Build.0 = Debug|Any CPU
		{1D0939D5-E890-418E-A771-1808DCDBCABB}.Release|Any CPU.ActiveCfg = Release|Any CPU
		{1D0939D5-E890-418E-A771-1808DCDBCABB}.Release|Any CPU.Build.0 = Release|Any CPU
		{F7CE2CFA-D652-4F10-B1E9-B36F1A775C01}.Debug|Any CPU.ActiveCfg = Debug|Any CPU
		{F7CE2CFA-D652-4F10-B1E9-B36F1A775C01}.Debug|Any CPU.Build.0 = Debug|Any CPU
		{F7CE2CFA-D652-4F10-B1E9-B36F1A775C01}.Release|Any CPU.ActiveCfg = Release|Any CPU
		{F7CE2CFA-D652-4F10-B1E9-B36F1A775C01}.Release|Any CPU.Build.0 = Release|Any CPU
		{D37B5EEC-530A-4562-B0A1-64D442071226}.Debug|Any CPU.ActiveCfg = Debug|Any CPU
		{D37B5EEC-530A-4562-B0A1-64D442071226}.Debug|Any CPU.Build.0 = Debug|Any CPU
		{D37B5EEC-530A-4562-B0A1-64D442071226}.Release|Any CPU.ActiveCfg = Release|Any CPU
		{D37B5EEC-530A-4562-B0A1-64D442071226}.Release|Any CPU.Build.0 = Release|Any CPU
	EndGlobalSection
	GlobalSection(SolutionProperties) = preSolution
		HideSolutionNode = FALSE
	EndGlobalSection
	GlobalSection(NestedProjects) = preSolution
		{56B80785-43AB-40BB-B87C-DF46AC325FED} = {3BDD8C81-AC3C-4543-9EE4-71FE03B80729}
		{C57C25E7-C0DE-49A2-B225-21346308FCB1} = {3BDD8C81-AC3C-4543-9EE4-71FE03B80729}
		{DB5D494B-6F51-45BF-B078-B5C0482AC88B} = {3BDD8C81-AC3C-4543-9EE4-71FE03B80729}
		{7644F7CF-0A86-4B88-AFF1-93574FCFBB9A} = {3BDD8C81-AC3C-4543-9EE4-71FE03B80729}
		{91F501DC-AC15-4A95-A183-5843AD254E72} = {300303EC-EFB0-44D6-9CAB-91CB1BBCBE60}
		{43C90EBB-0963-479A-9C62-80B6EE0A64CA} = {300303EC-EFB0-44D6-9CAB-91CB1BBCBE60}
		{5E5ED762-0856-44C2-9E2B-1369DE5E324B} = {300303EC-EFB0-44D6-9CAB-91CB1BBCBE60}
		{10D59259-AA16-4327-BEB8-7A66A5017405} = {300303EC-EFB0-44D6-9CAB-91CB1BBCBE60}
		{2F72515B-735B-4BE3-9F4F-808F2D3200B4} = {FD9DEC75-2457-4C2C-BC74-C774299D7EE6}
		{4C7D57F0-F344-4459-84D8-6164E726A873} = {48833475-6DF2-4A94-8BD9-A230B99DD9EC}
		{6C553189-6CDF-44F3-AA36-2178DBE6EA7F} = {48833475-6DF2-4A94-8BD9-A230B99DD9EC}
		{9E20CC36-F265-4542-8599-28D2168B7E7C} = {48833475-6DF2-4A94-8BD9-A230B99DD9EC}
		{14F06F94-D188-421E-B57E-5BBDE58E2E6B} = {48833475-6DF2-4A94-8BD9-A230B99DD9EC}
		{DC71C2DF-97BA-4CF2-AA03-011128B334E6} = {48833475-6DF2-4A94-8BD9-A230B99DD9EC}
		{0DFAF664-9C7C-439F-AC59-E8C673B07B22} = {342FBB06-F6E2-4937-9D5B-2190990CB45A}
		{5364FF95-A884-498D-A4B6-74BF25CD214A} = {342FBB06-F6E2-4937-9D5B-2190990CB45A}
		{1D0939D5-E890-418E-A771-1808DCDBCABB} = {342FBB06-F6E2-4937-9D5B-2190990CB45A}
		{F7CE2CFA-D652-4F10-B1E9-B36F1A775C01} = {342FBB06-F6E2-4937-9D5B-2190990CB45A}
		{D37B5EEC-530A-4562-B0A1-64D442071226} = {342FBB06-F6E2-4937-9D5B-2190990CB45A}
	EndGlobalSection
	GlobalSection(ExtensibilityGlobals) = postSolution
		SolutionGuid = {A1D47BBF-7C63-4E96-B058-6C9627CB606E}
	EndGlobalSection
EndGlobal
